// !$*UTF8*$!
{
	archiveVersion = 1;
	classes = {
	};
	objectVersion = 53;
	objects = {

/* Begin PBXBuildFile section */
		00E356F31AD99517003FC87E /* Solfium_instaladorTests.m in Sources */ = {isa = PBXBuildFile; fileRef = 00E356F21AD99517003FC87E /* Solfium_instaladorTests.m */; };
		0329BCA5253DD077007F2F82 /* AppDelegate.swift in Sources */ = {isa = PBXBuildFile; fileRef = 0329BCA4253DD077007F2F82 /* AppDelegate.swift */; };
		0329BCA8253DD07A007F2F82 /* Assets.xcassets in Resources */ = {isa = PBXBuildFile; fileRef = 0329BCA7253DD07A007F2F82 /* Assets.xcassets */; };
		0329BCAB253DD07A007F2F82 /* LaunchScreen.storyboard in Resources */ = {isa = PBXBuildFile; fileRef = 0329BCA9253DD07A007F2F82 /* LaunchScreen.storyboard */; };
		0329BCB6253DD07A007F2F82 /* Solfium_instalador_tvOSTests.swift in Sources */ = {isa = PBXBuildFile; fileRef = 0329BCB5253DD07A007F2F82 /* Solfium_instalador_tvOSTests.swift */; };
		0329BCC1253DD07A007F2F82 /* Solfium_instalador_tvOSUITests.swift in Sources */ = {isa = PBXBuildFile; fileRef = 0329BCC0253DD07A007F2F82 /* Solfium_instalador_tvOSUITests.swift */; };
		03F1C5132555427200A2D122 /* AppDelegate.m in Sources */ = {isa = PBXBuildFile; fileRef = 13B07FB01A68108700A75B9A /* AppDelegate.m */; };
		03F1C5142555427200A2D122 /* main.m in Sources */ = {isa = PBXBuildFile; fileRef = 13B07FB71A68108700A75B9A /* main.m */; };
		03F1C5182555427200A2D122 /* LaunchScreen.storyboard in Resources */ = {isa = PBXBuildFile; fileRef = 81AB9BB72411601600AC10FF /* LaunchScreen.storyboard */; };
		03F1C5192555427200A2D122 /* Images.xcassets in Resources */ = {isa = PBXBuildFile; fileRef = 13B07FB51A68108700A75B9A /* Images.xcassets */; };
		03F1C51A2555427200A2D122 /* Roboto_medium.ttf in Resources */ = {isa = PBXBuildFile; fileRef = 0CA9C22FB70B4F198EB88111 /* Roboto_medium.ttf */; };
		03F1C51B2555427200A2D122 /* Roboto.ttf in Resources */ = {isa = PBXBuildFile; fileRef = D6094B8FD7BD44F3AC3EFDFD /* Roboto.ttf */; };
		03F1C51C2555427200A2D122 /* rubicon-icon-font.ttf in Resources */ = {isa = PBXBuildFile; fileRef = BCA2BAE96792462C8541B62B /* rubicon-icon-font.ttf */; };
		13B07FBC1A68108700A75B9A /* AppDelegate.m in Sources */ = {isa = PBXBuildFile; fileRef = 13B07FB01A68108700A75B9A /* AppDelegate.m */; };
		13B07FBF1A68108700A75B9A /* Images.xcassets in Resources */ = {isa = PBXBuildFile; fileRef = 13B07FB51A68108700A75B9A /* Images.xcassets */; };
		13B07FC11A68108700A75B9A /* main.m in Sources */ = {isa = PBXBuildFile; fileRef = 13B07FB71A68108700A75B9A /* main.m */; };
		243A91D9A1AF0C78805F98A9 /* libPods-Solfium_instalador-Solfium_instaladorTests.a in Frameworks */ = {isa = PBXBuildFile; fileRef = 99D331321CCBF2A6102317FE /* libPods-Solfium_instalador-Solfium_instaladorTests.a */; };
		303E28787F8D1ABC9B114A18 /* libPods-Solfium_instalador-tvOS.a in Frameworks */ = {isa = PBXBuildFile; fileRef = 900FD6B2BD84DFE665BA2E20 /* libPods-Solfium_instalador-tvOS.a */; };
		81AB9BB82411601600AC10FF /* LaunchScreen.storyboard in Resources */ = {isa = PBXBuildFile; fileRef = 81AB9BB72411601600AC10FF /* LaunchScreen.storyboard */; };
		9FBB702BB3FFA6634834BE59 /* libPods-Solfium_instalador.a in Frameworks */ = {isa = PBXBuildFile; fileRef = F37A2F45F610E208D65CFE8F /* libPods-Solfium_instalador.a */; };
		EEFF088E51C01056B8AAAA93 /* libPods-Solfium_instalador-tvOSTests.a in Frameworks */ = {isa = PBXBuildFile; fileRef = 2DB872ADA1F3A51A869BA1FF /* libPods-Solfium_instalador-tvOSTests.a */; };
		F6A388323F99C1D07ED7F27F /* libPods-Solfium_instalador.a in Frameworks */ = {isa = PBXBuildFile; fileRef = F37A2F45F610E208D65CFE8F /* libPods-Solfium_instalador.a */; };
/* End PBXBuildFile section */

/* Begin PBXContainerItemProxy section */
		00E356F41AD99517003FC87E /* PBXContainerItemProxy */ = {
			isa = PBXContainerItemProxy;
			containerPortal = 83CBB9F71A601CBA00E9B192 /* Project object */;
			proxyType = 1;
			remoteGlobalIDString = 13B07F861A680F5B00A75B9A;
			remoteInfo = Solfium_instalador;
		};
		0329BCB2253DD07A007F2F82 /* PBXContainerItemProxy */ = {
			isa = PBXContainerItemProxy;
			containerPortal = 83CBB9F71A601CBA00E9B192 /* Project object */;
			proxyType = 1;
			remoteGlobalIDString = 0329BCA1253DD077007F2F82;
			remoteInfo = "Solfium_instalador-tvOS";
		};
		0329BCBD253DD07A007F2F82 /* PBXContainerItemProxy */ = {
			isa = PBXContainerItemProxy;
			containerPortal = 83CBB9F71A601CBA00E9B192 /* Project object */;
			proxyType = 1;
			remoteGlobalIDString = 0329BCA1253DD077007F2F82;
			remoteInfo = "Solfium_instalador-tvOS";
		};
/* End PBXContainerItemProxy section */

/* Begin PBXFileReference section */
		008F07F21AC5B25A0029DE68 /* main.jsbundle */ = {isa = PBXFileReference; fileEncoding = 4; lastKnownFileType = text; path = main.jsbundle; sourceTree = "<group>"; };
		00E356EE1AD99517003FC87E /* Solfium_instaladorTests.xctest */ = {isa = PBXFileReference; explicitFileType = wrapper.cfbundle; includeInIndex = 0; path = Solfium_instaladorTests.xctest; sourceTree = BUILT_PRODUCTS_DIR; };
		00E356F11AD99517003FC87E /* Info.plist */ = {isa = PBXFileReference; lastKnownFileType = text.plist.xml; path = Info.plist; sourceTree = "<group>"; };
		00E356F21AD99517003FC87E /* Solfium_instaladorTests.m */ = {isa = PBXFileReference; lastKnownFileType = sourcecode.c.objc; path = Solfium_instaladorTests.m; sourceTree = "<group>"; };
		0329BCA2253DD077007F2F82 /* Solfium_instalador-tvOS.app */ = {isa = PBXFileReference; explicitFileType = wrapper.application; includeInIndex = 0; path = "Solfium_instalador-tvOS.app"; sourceTree = BUILT_PRODUCTS_DIR; };
		0329BCA4253DD077007F2F82 /* AppDelegate.swift */ = {isa = PBXFileReference; lastKnownFileType = sourcecode.swift; path = AppDelegate.swift; sourceTree = "<group>"; };
		0329BCA6253DD077007F2F82 /* application.js */ = {isa = PBXFileReference; lastKnownFileType = sourcecode.javascript; path = application.js; sourceTree = "<group>"; };
		0329BCA7253DD07A007F2F82 /* Assets.xcassets */ = {isa = PBXFileReference; lastKnownFileType = folder.assetcatalog; path = Assets.xcassets; sourceTree = "<group>"; };
		0329BCAA253DD07A007F2F82 /* Base */ = {isa = PBXFileReference; lastKnownFileType = file.storyboard; name = Base; path = Base.lproj/LaunchScreen.storyboard; sourceTree = "<group>"; };
		0329BCAC253DD07A007F2F82 /* Info.plist */ = {isa = PBXFileReference; lastKnownFileType = text.plist.xml; path = Info.plist; sourceTree = "<group>"; };
		0329BCB1253DD07A007F2F82 /* Solfium_instalador-tvOSTests.xctest */ = {isa = PBXFileReference; explicitFileType = wrapper.cfbundle; includeInIndex = 0; path = "Solfium_instalador-tvOSTests.xctest"; sourceTree = BUILT_PRODUCTS_DIR; };
		0329BCB5253DD07A007F2F82 /* Solfium_instalador_tvOSTests.swift */ = {isa = PBXFileReference; lastKnownFileType = sourcecode.swift; path = Solfium_instalador_tvOSTests.swift; sourceTree = "<group>"; };
		0329BCB7253DD07A007F2F82 /* Info.plist */ = {isa = PBXFileReference; lastKnownFileType = text.plist.xml; path = Info.plist; sourceTree = "<group>"; };
		0329BCBC253DD07A007F2F82 /* Solfium_instalador-tvOSUITests.xctest */ = {isa = PBXFileReference; explicitFileType = wrapper.cfbundle; includeInIndex = 0; path = "Solfium_instalador-tvOSUITests.xctest"; sourceTree = BUILT_PRODUCTS_DIR; };
		0329BCC0253DD07A007F2F82 /* Solfium_instalador_tvOSUITests.swift */ = {isa = PBXFileReference; lastKnownFileType = sourcecode.swift; path = Solfium_instalador_tvOSUITests.swift; sourceTree = "<group>"; };
		0329BCC2253DD07A007F2F82 /* Info.plist */ = {isa = PBXFileReference; lastKnownFileType = text.plist.xml; path = Info.plist; sourceTree = "<group>"; };
		03F1C5222555427200A2D122 /* Solfium_instalador copy.app */ = {isa = PBXFileReference; explicitFileType = wrapper.application; includeInIndex = 0; path = "Solfium_instalador copy.app"; sourceTree = BUILT_PRODUCTS_DIR; };
		03F1C5232555427200A2D122 /* Solfium_instalador copy-Info.plist */ = {isa = PBXFileReference; lastKnownFileType = text.plist.xml; name = "Solfium_instalador copy-Info.plist"; path = "/Users/daa/Desktop/Solfium_instalador/ios/Solfium_instalador copy-Info.plist"; sourceTree = "<absolute>"; };
		0922FA12F747455691CEC846 /* FontAwesome5_Solid.ttf */ = {isa = PBXFileReference; explicitFileType = undefined; fileEncoding = 9; includeInIndex = 0; lastKnownFileType = unknown; name = FontAwesome5_Solid.ttf; path = "../node_modules/native-base/Fonts/FontAwesome5_Solid.ttf"; sourceTree = "<group>"; };
		0CA9C22FB70B4F198EB88111 /* Roboto_medium.ttf */ = {isa = PBXFileReference; explicitFileType = undefined; fileEncoding = 9; includeInIndex = 0; lastKnownFileType = unknown; name = Roboto_medium.ttf; path = "../node_modules/native-base/Fonts/Roboto_medium.ttf"; sourceTree = "<group>"; };
		13B07F961A680F5B00A75B9A /* SolfiumInst.app */ = {isa = PBXFileReference; explicitFileType = wrapper.application; includeInIndex = 0; path = SolfiumInst.app; sourceTree = BUILT_PRODUCTS_DIR; };
		13B07FAF1A68108700A75B9A /* AppDelegate.h */ = {isa = PBXFileReference; fileEncoding = 4; lastKnownFileType = sourcecode.c.h; name = AppDelegate.h; path = Solfium_instalador/AppDelegate.h; sourceTree = "<group>"; };
		13B07FB01A68108700A75B9A /* AppDelegate.m */ = {isa = PBXFileReference; fileEncoding = 4; lastKnownFileType = sourcecode.c.objc; name = AppDelegate.m; path = Solfium_instalador/AppDelegate.m; sourceTree = "<group>"; };
		13B07FB51A68108700A75B9A /* Images.xcassets */ = {isa = PBXFileReference; lastKnownFileType = folder.assetcatalog; name = Images.xcassets; path = Solfium_instalador/Images.xcassets; sourceTree = "<group>"; };
		13B07FB61A68108700A75B9A /* Info.plist */ = {isa = PBXFileReference; fileEncoding = 4; lastKnownFileType = text.plist.xml; name = Info.plist; path = Solfium_instalador/Info.plist; sourceTree = "<group>"; };
		13B07FB71A68108700A75B9A /* main.m */ = {isa = PBXFileReference; fileEncoding = 4; lastKnownFileType = sourcecode.c.objc; name = main.m; path = Solfium_instalador/main.m; sourceTree = "<group>"; };
		162956EB748C5D8AE13835C9 /* Pods-Solfium_instalador-tvOS.release.xcconfig */ = {isa = PBXFileReference; includeInIndex = 1; lastKnownFileType = text.xcconfig; name = "Pods-Solfium_instalador-tvOS.release.xcconfig"; path = "Target Support Files/Pods-Solfium_instalador-tvOS/Pods-Solfium_instalador-tvOS.release.xcconfig"; sourceTree = "<group>"; };
		177EBA74811AF9C865E86ADA /* Pods-Solfium_instalador-tvOS.debug.xcconfig */ = {isa = PBXFileReference; includeInIndex = 1; lastKnownFileType = text.xcconfig; name = "Pods-Solfium_instalador-tvOS.debug.xcconfig"; path = "Target Support Files/Pods-Solfium_instalador-tvOS/Pods-Solfium_instalador-tvOS.debug.xcconfig"; sourceTree = "<group>"; };
		2DB872ADA1F3A51A869BA1FF /* libPods-Solfium_instalador-tvOSTests.a */ = {isa = PBXFileReference; explicitFileType = archive.ar; includeInIndex = 0; path = "libPods-Solfium_instalador-tvOSTests.a"; sourceTree = BUILT_PRODUCTS_DIR; };
		3903E87B4CFC4DDD9BE2CAD1 /* Foundation.ttf */ = {isa = PBXFileReference; explicitFileType = undefined; fileEncoding = 9; includeInIndex = 0; lastKnownFileType = unknown; name = Foundation.ttf; path = "../node_modules/react-native-vector-icons/Fonts/Foundation.ttf"; sourceTree = "<group>"; };
		3C4B1579B29A4614AD713329 /* Zocial.ttf */ = {isa = PBXFileReference; explicitFileType = undefined; fileEncoding = 9; includeInIndex = 0; lastKnownFileType = unknown; name = Zocial.ttf; path = "../node_modules/native-base/Fonts/Zocial.ttf"; sourceTree = "<group>"; };
		3F2B062AE5B34CF2BB322372 /* Feather.ttf */ = {isa = PBXFileReference; explicitFileType = undefined; fileEncoding = 9; includeInIndex = 0; lastKnownFileType = unknown; name = Feather.ttf; path = "../node_modules/native-base/Fonts/Feather.ttf"; sourceTree = "<group>"; };
		485BBA4D7A4BF8DAA6E49B95 /* Pods-Solfium_instalador-Solfium_instaladorTests.release.xcconfig */ = {isa = PBXFileReference; includeInIndex = 1; lastKnownFileType = text.xcconfig; name = "Pods-Solfium_instalador-Solfium_instaladorTests.release.xcconfig"; path = "Target Support Files/Pods-Solfium_instalador-Solfium_instaladorTests/Pods-Solfium_instalador-Solfium_instaladorTests.release.xcconfig"; sourceTree = "<group>"; };
		51AC701CD76043DF884935EC /* FontAwesome5_Brands.ttf */ = {isa = PBXFileReference; explicitFileType = undefined; fileEncoding = 9; includeInIndex = 0; lastKnownFileType = unknown; name = FontAwesome5_Brands.ttf; path = "../node_modules/native-base/Fonts/FontAwesome5_Brands.ttf"; sourceTree = "<group>"; };
		5D44CC338422F779991A650A /* Pods-Solfium_instalador.debug.xcconfig */ = {isa = PBXFileReference; includeInIndex = 1; lastKnownFileType = text.xcconfig; name = "Pods-Solfium_instalador.debug.xcconfig"; path = "Target Support Files/Pods-Solfium_instalador/Pods-Solfium_instalador.debug.xcconfig"; sourceTree = "<group>"; };
		69166935185F40519829356D /* Zocial.ttf */ = {isa = PBXFileReference; explicitFileType = undefined; fileEncoding = 9; includeInIndex = 0; lastKnownFileType = unknown; name = Zocial.ttf; path = "../node_modules/react-native-vector-icons/Fonts/Zocial.ttf"; sourceTree = "<group>"; };
		7B1BB0C98CEA43538F251CA2 /* SimpleLineIcons.ttf */ = {isa = PBXFileReference; explicitFileType = undefined; fileEncoding = 9; includeInIndex = 0; lastKnownFileType = unknown; name = SimpleLineIcons.ttf; path = "../node_modules/native-base/Fonts/SimpleLineIcons.ttf"; sourceTree = "<group>"; };
		81AB9BB72411601600AC10FF /* LaunchScreen.storyboard */ = {isa = PBXFileReference; fileEncoding = 4; lastKnownFileType = file.storyboard; name = LaunchScreen.storyboard; path = Solfium_instalador/LaunchScreen.storyboard; sourceTree = "<group>"; };
		83041542D6B149A5AFEB8F10 /* Ionicons.ttf */ = {isa = PBXFileReference; explicitFileType = undefined; fileEncoding = 9; includeInIndex = 0; lastKnownFileType = unknown; name = Ionicons.ttf; path = "../node_modules/native-base/Fonts/Ionicons.ttf"; sourceTree = "<group>"; };
		83875002FEC04883B7774715 /* MaterialIcons.ttf */ = {isa = PBXFileReference; explicitFileType = undefined; fileEncoding = 9; includeInIndex = 0; lastKnownFileType = unknown; name = MaterialIcons.ttf; path = "../node_modules/native-base/Fonts/MaterialIcons.ttf"; sourceTree = "<group>"; };
		858F6BA862EB46488F15C236 /* Fontisto.ttf */ = {isa = PBXFileReference; explicitFileType = undefined; fileEncoding = 9; includeInIndex = 0; lastKnownFileType = unknown; name = Fontisto.ttf; path = "../node_modules/native-base/Fonts/Fontisto.ttf"; sourceTree = "<group>"; };
		87BA2943C9000531A198AC0B /* Pods-Solfium_instalador-Solfium_instaladorTests.debug.xcconfig */ = {isa = PBXFileReference; includeInIndex = 1; lastKnownFileType = text.xcconfig; name = "Pods-Solfium_instalador-Solfium_instaladorTests.debug.xcconfig"; path = "Target Support Files/Pods-Solfium_instalador-Solfium_instaladorTests/Pods-Solfium_instalador-Solfium_instaladorTests.debug.xcconfig"; sourceTree = "<group>"; };
		8E2B3A307E5741B6885C09C6 /* Feather.ttf */ = {isa = PBXFileReference; explicitFileType = undefined; fileEncoding = 9; includeInIndex = 0; lastKnownFileType = unknown; name = Feather.ttf; path = "../node_modules/react-native-vector-icons/Fonts/Feather.ttf"; sourceTree = "<group>"; };
		8F46FC306A164D7B8824EA0D /* FontAwesome.ttf */ = {isa = PBXFileReference; explicitFileType = undefined; fileEncoding = 9; includeInIndex = 0; lastKnownFileType = unknown; name = FontAwesome.ttf; path = "../node_modules/react-native-vector-icons/Fonts/FontAwesome.ttf"; sourceTree = "<group>"; };
		900FD6B2BD84DFE665BA2E20 /* libPods-Solfium_instalador-tvOS.a */ = {isa = PBXFileReference; explicitFileType = archive.ar; includeInIndex = 0; path = "libPods-Solfium_instalador-tvOS.a"; sourceTree = BUILT_PRODUCTS_DIR; };
		963BD8801712425AAEFDABA4 /* SimpleLineIcons.ttf */ = {isa = PBXFileReference; explicitFileType = undefined; fileEncoding = 9; includeInIndex = 0; lastKnownFileType = unknown; name = SimpleLineIcons.ttf; path = "../node_modules/react-native-vector-icons/Fonts/SimpleLineIcons.ttf"; sourceTree = "<group>"; };
		96795FAAC3834D139D2DB784 /* FontAwesome5_Brands.ttf */ = {isa = PBXFileReference; explicitFileType = undefined; fileEncoding = 9; includeInIndex = 0; lastKnownFileType = unknown; name = FontAwesome5_Brands.ttf; path = "../node_modules/react-native-vector-icons/Fonts/FontAwesome5_Brands.ttf"; sourceTree = "<group>"; };
		982BACB8520CA314BE461BB6 /* Pods-Solfium_instalador-tvOSTests.debug.xcconfig */ = {isa = PBXFileReference; includeInIndex = 1; lastKnownFileType = text.xcconfig; name = "Pods-Solfium_instalador-tvOSTests.debug.xcconfig"; path = "Target Support Files/Pods-Solfium_instalador-tvOSTests/Pods-Solfium_instalador-tvOSTests.debug.xcconfig"; sourceTree = "<group>"; };
		99D331321CCBF2A6102317FE /* libPods-Solfium_instalador-Solfium_instaladorTests.a */ = {isa = PBXFileReference; explicitFileType = archive.ar; includeInIndex = 0; path = "libPods-Solfium_instalador-Solfium_instaladorTests.a"; sourceTree = BUILT_PRODUCTS_DIR; };
		A200E1C61A8E465F9CF710BF /* Foundation.ttf */ = {isa = PBXFileReference; explicitFileType = undefined; fileEncoding = 9; includeInIndex = 0; lastKnownFileType = unknown; name = Foundation.ttf; path = "../node_modules/native-base/Fonts/Foundation.ttf"; sourceTree = "<group>"; };
		A24784FD4F2F4B58A083EEAE /* EvilIcons.ttf */ = {isa = PBXFileReference; explicitFileType = undefined; fileEncoding = 9; includeInIndex = 0; lastKnownFileType = unknown; name = EvilIcons.ttf; path = "../node_modules/native-base/Fonts/EvilIcons.ttf"; sourceTree = "<group>"; };
		A5C692E9C8204DECB8FB5E70 /* Entypo.ttf */ = {isa = PBXFileReference; explicitFileType = undefined; fileEncoding = 9; includeInIndex = 0; lastKnownFileType = unknown; name = Entypo.ttf; path = "../node_modules/react-native-vector-icons/Fonts/Entypo.ttf"; sourceTree = "<group>"; };
		A8DD0F44BD6F40F98839339E /* Ionicons.ttf */ = {isa = PBXFileReference; explicitFileType = undefined; fileEncoding = 9; includeInIndex = 0; lastKnownFileType = unknown; name = Ionicons.ttf; path = "../node_modules/react-native-vector-icons/Fonts/Ionicons.ttf"; sourceTree = "<group>"; };
		BA923D8E8746406CB5F9C4A1 /* AntDesign.ttf */ = {isa = PBXFileReference; explicitFileType = undefined; fileEncoding = 9; includeInIndex = 0; lastKnownFileType = unknown; name = AntDesign.ttf; path = "../node_modules/native-base/Fonts/AntDesign.ttf"; sourceTree = "<group>"; };
		BCA2BAE96792462C8541B62B /* rubicon-icon-font.ttf */ = {isa = PBXFileReference; explicitFileType = undefined; fileEncoding = 9; includeInIndex = 0; lastKnownFileType = unknown; name = "rubicon-icon-font.ttf"; path = "../node_modules/native-base/Fonts/rubicon-icon-font.ttf"; sourceTree = "<group>"; };
		C6813C5D2A94753A54ACB44B /* Pods-Solfium_instalador.release.xcconfig */ = {isa = PBXFileReference; includeInIndex = 1; lastKnownFileType = text.xcconfig; name = "Pods-Solfium_instalador.release.xcconfig"; path = "Target Support Files/Pods-Solfium_instalador/Pods-Solfium_instalador.release.xcconfig"; sourceTree = "<group>"; };
		CA607485C3B446A3BD508563 /* FontAwesome.ttf */ = {isa = PBXFileReference; explicitFileType = undefined; fileEncoding = 9; includeInIndex = 0; lastKnownFileType = unknown; name = FontAwesome.ttf; path = "../node_modules/native-base/Fonts/FontAwesome.ttf"; sourceTree = "<group>"; };
		D6094B8FD7BD44F3AC3EFDFD /* Roboto.ttf */ = {isa = PBXFileReference; explicitFileType = undefined; fileEncoding = 9; includeInIndex = 0; lastKnownFileType = unknown; name = Roboto.ttf; path = "../node_modules/native-base/Fonts/Roboto.ttf"; sourceTree = "<group>"; };
		E0403D1BE3429623B9C69FD0 /* Pods-Solfium_instalador-tvOSTests.release.xcconfig */ = {isa = PBXFileReference; includeInIndex = 1; lastKnownFileType = text.xcconfig; name = "Pods-Solfium_instalador-tvOSTests.release.xcconfig"; path = "Target Support Files/Pods-Solfium_instalador-tvOSTests/Pods-Solfium_instalador-tvOSTests.release.xcconfig"; sourceTree = "<group>"; };
		E5791215F13E4139B1970637 /* FontAwesome5_Solid.ttf */ = {isa = PBXFileReference; explicitFileType = undefined; fileEncoding = 9; includeInIndex = 0; lastKnownFileType = unknown; name = FontAwesome5_Solid.ttf; path = "../node_modules/react-native-vector-icons/Fonts/FontAwesome5_Solid.ttf"; sourceTree = "<group>"; };
		E8DBBF24908F4A4DB6E2C7D9 /* Octicons.ttf */ = {isa = PBXFileReference; explicitFileType = undefined; fileEncoding = 9; includeInIndex = 0; lastKnownFileType = unknown; name = Octicons.ttf; path = "../node_modules/native-base/Fonts/Octicons.ttf"; sourceTree = "<group>"; };
		EA21C0226D754CA4A5D46FBC /* Octicons.ttf */ = {isa = PBXFileReference; explicitFileType = undefined; fileEncoding = 9; includeInIndex = 0; lastKnownFileType = unknown; name = Octicons.ttf; path = "../node_modules/react-native-vector-icons/Fonts/Octicons.ttf"; sourceTree = "<group>"; };
		EC6D8DFC5CB645108B5420D8 /* FontAwesome5_Regular.ttf */ = {isa = PBXFileReference; explicitFileType = undefined; fileEncoding = 9; includeInIndex = 0; lastKnownFileType = unknown; name = FontAwesome5_Regular.ttf; path = "../node_modules/native-base/Fonts/FontAwesome5_Regular.ttf"; sourceTree = "<group>"; };
		ED297162215061F000B7C4FE /* JavaScriptCore.framework */ = {isa = PBXFileReference; lastKnownFileType = wrapper.framework; name = JavaScriptCore.framework; path = System/Library/Frameworks/JavaScriptCore.framework; sourceTree = SDKROOT; };
		ED2971642150620600B7C4FE /* JavaScriptCore.framework */ = {isa = PBXFileReference; lastKnownFileType = wrapper.framework; name = JavaScriptCore.framework; path = Platforms/AppleTVOS.platform/Developer/SDKs/AppleTVOS12.0.sdk/System/Library/Frameworks/JavaScriptCore.framework; sourceTree = DEVELOPER_DIR; };
		F37A2F45F610E208D65CFE8F /* libPods-Solfium_instalador.a */ = {isa = PBXFileReference; explicitFileType = archive.ar; includeInIndex = 0; path = "libPods-Solfium_instalador.a"; sourceTree = BUILT_PRODUCTS_DIR; };
		FBD7373E1DA7479C90D5754E /* MaterialCommunityIcons.ttf */ = {isa = PBXFileReference; explicitFileType = undefined; fileEncoding = 9; includeInIndex = 0; lastKnownFileType = unknown; name = MaterialCommunityIcons.ttf; path = "../node_modules/native-base/Fonts/MaterialCommunityIcons.ttf"; sourceTree = "<group>"; };
		FE5F09DFA7A4449BA05A2EC5 /* Entypo.ttf */ = {isa = PBXFileReference; explicitFileType = undefined; fileEncoding = 9; includeInIndex = 0; lastKnownFileType = unknown; name = Entypo.ttf; path = "../node_modules/native-base/Fonts/Entypo.ttf"; sourceTree = "<group>"; };
/* End PBXFileReference section */

/* Begin PBXFrameworksBuildPhase section */
		00E356EB1AD99517003FC87E /* Frameworks */ = {
			isa = PBXFrameworksBuildPhase;
			buildActionMask = 2147483647;
			files = (
				243A91D9A1AF0C78805F98A9 /* libPods-Solfium_instalador-Solfium_instaladorTests.a in Frameworks */,
			);
			runOnlyForDeploymentPostprocessing = 0;
		};
		0329BC9F253DD077007F2F82 /* Frameworks */ = {
			isa = PBXFrameworksBuildPhase;
			buildActionMask = 2147483647;
			files = (
				303E28787F8D1ABC9B114A18 /* libPods-Solfium_instalador-tvOS.a in Frameworks */,
			);
			runOnlyForDeploymentPostprocessing = 0;
		};
		0329BCAE253DD07A007F2F82 /* Frameworks */ = {
			isa = PBXFrameworksBuildPhase;
			buildActionMask = 2147483647;
			files = (
				EEFF088E51C01056B8AAAA93 /* libPods-Solfium_instalador-tvOSTests.a in Frameworks */,
			);
			runOnlyForDeploymentPostprocessing = 0;
		};
		0329BCB9253DD07A007F2F82 /* Frameworks */ = {
			isa = PBXFrameworksBuildPhase;
			buildActionMask = 2147483647;
			files = (
			);
			runOnlyForDeploymentPostprocessing = 0;
		};
		03F1C5152555427200A2D122 /* Frameworks */ = {
			isa = PBXFrameworksBuildPhase;
			buildActionMask = 2147483647;
			files = (
			);
			runOnlyForDeploymentPostprocessing = 0;
		};
		13B07F8C1A680F5B00A75B9A /* Frameworks */ = {
			isa = PBXFrameworksBuildPhase;
			buildActionMask = 2147483647;
			files = (
				9FBB702BB3FFA6634834BE59 /* libPods-Solfium_instalador.a in Frameworks */,
				F6A388323F99C1D07ED7F27F /* libPods-Solfium_instalador.a in Frameworks */,
			);
			runOnlyForDeploymentPostprocessing = 0;
		};
/* End PBXFrameworksBuildPhase section */

/* Begin PBXGroup section */
		00E356EF1AD99517003FC87E /* Solfium_instaladorTests */ = {
			isa = PBXGroup;
			children = (
				00E356F21AD99517003FC87E /* Solfium_instaladorTests.m */,
				00E356F01AD99517003FC87E /* Supporting Files */,
			);
			path = Solfium_instaladorTests;
			sourceTree = "<group>";
		};
		00E356F01AD99517003FC87E /* Supporting Files */ = {
			isa = PBXGroup;
			children = (
				00E356F11AD99517003FC87E /* Info.plist */,
			);
			name = "Supporting Files";
			sourceTree = "<group>";
		};
		0329BCA3253DD077007F2F82 /* Solfium_instalador-tvOS */ = {
			isa = PBXGroup;
			children = (
				0329BCA4253DD077007F2F82 /* AppDelegate.swift */,
				0329BCA6253DD077007F2F82 /* application.js */,
				0329BCA7253DD07A007F2F82 /* Assets.xcassets */,
				0329BCA9253DD07A007F2F82 /* LaunchScreen.storyboard */,
				0329BCAC253DD07A007F2F82 /* Info.plist */,
			);
			path = "Solfium_instalador-tvOS";
			sourceTree = "<group>";
		};
		0329BCB4253DD07A007F2F82 /* Solfium_instalador-tvOSTests */ = {
			isa = PBXGroup;
			children = (
				0329BCB5253DD07A007F2F82 /* Solfium_instalador_tvOSTests.swift */,
				0329BCB7253DD07A007F2F82 /* Info.plist */,
			);
			path = "Solfium_instalador-tvOSTests";
			sourceTree = "<group>";
		};
		0329BCBF253DD07A007F2F82 /* Solfium_instalador-tvOSUITests */ = {
			isa = PBXGroup;
			children = (
				0329BCC0253DD07A007F2F82 /* Solfium_instalador_tvOSUITests.swift */,
				0329BCC2253DD07A007F2F82 /* Info.plist */,
			);
			path = "Solfium_instalador-tvOSUITests";
			sourceTree = "<group>";
		};
		13B07FAE1A68108700A75B9A /* Solfium_instalador */ = {
			isa = PBXGroup;
			children = (
				008F07F21AC5B25A0029DE68 /* main.jsbundle */,
				13B07FAF1A68108700A75B9A /* AppDelegate.h */,
				13B07FB01A68108700A75B9A /* AppDelegate.m */,
				13B07FB51A68108700A75B9A /* Images.xcassets */,
				13B07FB61A68108700A75B9A /* Info.plist */,
				81AB9BB72411601600AC10FF /* LaunchScreen.storyboard */,
				13B07FB71A68108700A75B9A /* main.m */,
			);
			name = Solfium_instalador;
			sourceTree = "<group>";
		};
		2D16E6871FA4F8E400B85C8A /* Frameworks */ = {
			isa = PBXGroup;
			children = (
				ED297162215061F000B7C4FE /* JavaScriptCore.framework */,
				ED2971642150620600B7C4FE /* JavaScriptCore.framework */,
				F37A2F45F610E208D65CFE8F /* libPods-Solfium_instalador.a */,
				99D331321CCBF2A6102317FE /* libPods-Solfium_instalador-Solfium_instaladorTests.a */,
				900FD6B2BD84DFE665BA2E20 /* libPods-Solfium_instalador-tvOS.a */,
				2DB872ADA1F3A51A869BA1FF /* libPods-Solfium_instalador-tvOSTests.a */,
			);
			name = Frameworks;
			sourceTree = "<group>";
		};
		3415567E8F154C94B5C2BA8F /* Resources */ = {
			isa = PBXGroup;
			children = (
				A5C692E9C8204DECB8FB5E70 /* Entypo.ttf */,
				8E2B3A307E5741B6885C09C6 /* Feather.ttf */,
				8F46FC306A164D7B8824EA0D /* FontAwesome.ttf */,
				96795FAAC3834D139D2DB784 /* FontAwesome5_Brands.ttf */,
				E5791215F13E4139B1970637 /* FontAwesome5_Solid.ttf */,
				3903E87B4CFC4DDD9BE2CAD1 /* Foundation.ttf */,
				A8DD0F44BD6F40F98839339E /* Ionicons.ttf */,
				EA21C0226D754CA4A5D46FBC /* Octicons.ttf */,
				963BD8801712425AAEFDABA4 /* SimpleLineIcons.ttf */,
				69166935185F40519829356D /* Zocial.ttf */,
				BA923D8E8746406CB5F9C4A1 /* AntDesign.ttf */,
				A24784FD4F2F4B58A083EEAE /* EvilIcons.ttf */,
				EC6D8DFC5CB645108B5420D8 /* FontAwesome5_Regular.ttf */,
				858F6BA862EB46488F15C236 /* Fontisto.ttf */,
				FBD7373E1DA7479C90D5754E /* MaterialCommunityIcons.ttf */,
				83875002FEC04883B7774715 /* MaterialIcons.ttf */,
				0CA9C22FB70B4F198EB88111 /* Roboto_medium.ttf */,
				D6094B8FD7BD44F3AC3EFDFD /* Roboto.ttf */,
				BCA2BAE96792462C8541B62B /* rubicon-icon-font.ttf */,
				FE5F09DFA7A4449BA05A2EC5 /* Entypo.ttf */,
				3F2B062AE5B34CF2BB322372 /* Feather.ttf */,
				CA607485C3B446A3BD508563 /* FontAwesome.ttf */,
				51AC701CD76043DF884935EC /* FontAwesome5_Brands.ttf */,
				0922FA12F747455691CEC846 /* FontAwesome5_Solid.ttf */,
				A200E1C61A8E465F9CF710BF /* Foundation.ttf */,
				83041542D6B149A5AFEB8F10 /* Ionicons.ttf */,
				E8DBBF24908F4A4DB6E2C7D9 /* Octicons.ttf */,
				7B1BB0C98CEA43538F251CA2 /* SimpleLineIcons.ttf */,
				3C4B1579B29A4614AD713329 /* Zocial.ttf */,
			);
			name = Resources;
			sourceTree = "<group>";
		};
		832341AE1AAA6A7D00B99B32 /* Libraries */ = {
			isa = PBXGroup;
			children = (
			);
			name = Libraries;
			sourceTree = "<group>";
		};
		83CBB9F61A601CBA00E9B192 = {
			isa = PBXGroup;
			children = (
				13B07FAE1A68108700A75B9A /* Solfium_instalador */,
				832341AE1AAA6A7D00B99B32 /* Libraries */,
				00E356EF1AD99517003FC87E /* Solfium_instaladorTests */,
				0329BCA3253DD077007F2F82 /* Solfium_instalador-tvOS */,
				0329BCB4253DD07A007F2F82 /* Solfium_instalador-tvOSTests */,
				0329BCBF253DD07A007F2F82 /* Solfium_instalador-tvOSUITests */,
				83CBBA001A601CBA00E9B192 /* Products */,
				2D16E6871FA4F8E400B85C8A /* Frameworks */,
				3415567E8F154C94B5C2BA8F /* Resources */,
				96048DD2FABCA29B3AE6E83C /* Pods */,
				03F1C5232555427200A2D122 /* Solfium_instalador copy-Info.plist */,
			);
			indentWidth = 2;
			sourceTree = "<group>";
			tabWidth = 2;
			usesTabs = 0;
		};
		83CBBA001A601CBA00E9B192 /* Products */ = {
			isa = PBXGroup;
			children = (
				13B07F961A680F5B00A75B9A /* SolfiumInst.app */,
				00E356EE1AD99517003FC87E /* Solfium_instaladorTests.xctest */,
				0329BCA2253DD077007F2F82 /* Solfium_instalador-tvOS.app */,
				0329BCB1253DD07A007F2F82 /* Solfium_instalador-tvOSTests.xctest */,
				0329BCBC253DD07A007F2F82 /* Solfium_instalador-tvOSUITests.xctest */,
				03F1C5222555427200A2D122 /* Solfium_instalador copy.app */,
			);
			name = Products;
			sourceTree = "<group>";
		};
		96048DD2FABCA29B3AE6E83C /* Pods */ = {
			isa = PBXGroup;
			children = (
				87BA2943C9000531A198AC0B /* Pods-Solfium_instalador-Solfium_instaladorTests.debug.xcconfig */,
				485BBA4D7A4BF8DAA6E49B95 /* Pods-Solfium_instalador-Solfium_instaladorTests.release.xcconfig */,
				177EBA74811AF9C865E86ADA /* Pods-Solfium_instalador-tvOS.debug.xcconfig */,
				162956EB748C5D8AE13835C9 /* Pods-Solfium_instalador-tvOS.release.xcconfig */,
				982BACB8520CA314BE461BB6 /* Pods-Solfium_instalador-tvOSTests.debug.xcconfig */,
				E0403D1BE3429623B9C69FD0 /* Pods-Solfium_instalador-tvOSTests.release.xcconfig */,
				5D44CC338422F779991A650A /* Pods-Solfium_instalador.debug.xcconfig */,
				C6813C5D2A94753A54ACB44B /* Pods-Solfium_instalador.release.xcconfig */,
			);
			path = Pods;
			sourceTree = "<group>";
		};
/* End PBXGroup section */

/* Begin PBXNativeTarget section */
		00E356ED1AD99517003FC87E /* Solfium_instaladorTests */ = {
			isa = PBXNativeTarget;
			buildConfigurationList = 00E357021AD99517003FC87E /* Build configuration list for PBXNativeTarget "Solfium_instaladorTests" */;
			buildPhases = (
				331F4F72237D98101B3E3F57 /* [CP] Check Pods Manifest.lock */,
				00E356EA1AD99517003FC87E /* Sources */,
				00E356EB1AD99517003FC87E /* Frameworks */,
				00E356EC1AD99517003FC87E /* Resources */,
				CF2653EC688151DA730C93FA /* [CP] Copy Pods Resources */,
				0329BC9D253DCFD9007F2F82 /* ShellScript */,
			);
			buildRules = (
			);
			dependencies = (
				00E356F51AD99517003FC87E /* PBXTargetDependency */,
			);
			name = Solfium_instaladorTests;
			productName = Solfium_instaladorTests;
			productReference = 00E356EE1AD99517003FC87E /* Solfium_instaladorTests.xctest */;
			productType = "com.apple.product-type.bundle.unit-test";
		};
		0329BCA1253DD077007F2F82 /* Solfium_instalador-tvOS */ = {
			isa = PBXNativeTarget;
			buildConfigurationList = 0329BCC3253DD07A007F2F82 /* Build configuration list for PBXNativeTarget "Solfium_instalador-tvOS" */;
			buildPhases = (
				B19AF95684954115C0C962BA /* [CP] Check Pods Manifest.lock */,
				0329BC9E253DD077007F2F82 /* Sources */,
				0329BC9F253DD077007F2F82 /* Frameworks */,
				0329BCA0253DD077007F2F82 /* Resources */,
			);
			buildRules = (
			);
			dependencies = (
			);
			name = "Solfium_instalador-tvOS";
			productName = "Solfium_instalador-tvOS";
			productReference = 0329BCA2253DD077007F2F82 /* Solfium_instalador-tvOS.app */;
			productType = "com.apple.product-type.application";
		};
		0329BCB0253DD07A007F2F82 /* Solfium_instalador-tvOSTests */ = {
			isa = PBXNativeTarget;
			buildConfigurationList = 0329BCC6253DD07A007F2F82 /* Build configuration list for PBXNativeTarget "Solfium_instalador-tvOSTests" */;
			buildPhases = (
				158ADB93F968E33528D19F6D /* [CP] Check Pods Manifest.lock */,
				0329BCAD253DD07A007F2F82 /* Sources */,
				0329BCAE253DD07A007F2F82 /* Frameworks */,
				0329BCAF253DD07A007F2F82 /* Resources */,
			);
			buildRules = (
			);
			dependencies = (
				0329BCB3253DD07A007F2F82 /* PBXTargetDependency */,
			);
			name = "Solfium_instalador-tvOSTests";
			productName = "Solfium_instalador-tvOSTests";
			productReference = 0329BCB1253DD07A007F2F82 /* Solfium_instalador-tvOSTests.xctest */;
			productType = "com.apple.product-type.bundle.unit-test";
		};
		0329BCBB253DD07A007F2F82 /* Solfium_instalador-tvOSUITests */ = {
			isa = PBXNativeTarget;
			buildConfigurationList = 0329BCC9253DD07A007F2F82 /* Build configuration list for PBXNativeTarget "Solfium_instalador-tvOSUITests" */;
			buildPhases = (
				0329BCB8253DD07A007F2F82 /* Sources */,
				0329BCB9253DD07A007F2F82 /* Frameworks */,
				0329BCBA253DD07A007F2F82 /* Resources */,
			);
			buildRules = (
			);
			dependencies = (
				0329BCBE253DD07A007F2F82 /* PBXTargetDependency */,
			);
			name = "Solfium_instalador-tvOSUITests";
			productName = "Solfium_instalador-tvOSUITests";
			productReference = 0329BCBC253DD07A007F2F82 /* Solfium_instalador-tvOSUITests.xctest */;
			productType = "com.apple.product-type.bundle.ui-testing";
		};
		03F1C50F2555427200A2D122 /* Solfium_instalador copy */ = {
			isa = PBXNativeTarget;
			buildConfigurationList = 03F1C51F2555427200A2D122 /* Build configuration list for PBXNativeTarget "Solfium_instalador copy" */;
			buildPhases = (
				03F1C5112555427200A2D122 /* Start Packager */,
				03F1C5122555427200A2D122 /* Sources */,
				03F1C5152555427200A2D122 /* Frameworks */,
				03F1C5172555427200A2D122 /* Resources */,
				03F1C51D2555427200A2D122 /* Bundle React Native code and images */,
			);
			buildRules = (
			);
			dependencies = (
			);
			name = "Solfium_instalador copy";
			productName = Solfium_instalador;
			productReference = 03F1C5222555427200A2D122 /* Solfium_instalador copy.app */;
			productType = "com.apple.product-type.application";
		};
		13B07F861A680F5B00A75B9A /* Solfium_instalador */ = {
			isa = PBXNativeTarget;
			buildConfigurationList = 13B07F931A680F5B00A75B9A /* Build configuration list for PBXNativeTarget "Solfium_instalador" */;
			buildPhases = (
				9D394C6A3216DF068CF5B827 /* [CP] Check Pods Manifest.lock */,
				FD10A7F022414F080027D42C /* Start Packager */,
				13B07F871A680F5B00A75B9A /* Sources */,
				13B07F8C1A680F5B00A75B9A /* Frameworks */,
				13B07F8E1A680F5B00A75B9A /* Resources */,
				00DD1BFF1BD5951E006B06BC /* Bundle React Native code and images */,
				E36CF4F73D1A3CCDCFA18282 /* [CP] Copy Pods Resources */,
			);
			buildRules = (
			);
			dependencies = (
			);
			name = Solfium_instalador;
			productName = Solfium_instalador;
			productReference = 13B07F961A680F5B00A75B9A /* SolfiumInst.app */;
			productType = "com.apple.product-type.application";
		};
/* End PBXNativeTarget section */

/* Begin PBXProject section */
		83CBB9F71A601CBA00E9B192 /* Project object */ = {
			isa = PBXProject;
			attributes = {
				LastSwiftUpdateCheck = 1170;
				LastUpgradeCheck = 1170;
				TargetAttributes = {
					00E356ED1AD99517003FC87E = {
						CreatedOnToolsVersion = 6.2;
					};
					0329BCA1253DD077007F2F82 = {
						CreatedOnToolsVersion = 11.7;
					};
					0329BCB0253DD07A007F2F82 = {
						CreatedOnToolsVersion = 11.7;
						TestTargetID = 0329BCA1253DD077007F2F82;
					};
					0329BCBB253DD07A007F2F82 = {
						CreatedOnToolsVersion = 11.7;
						TestTargetID = 0329BCA1253DD077007F2F82;
					};
					13B07F861A680F5B00A75B9A = {
						DevelopmentTeam = LFH8KSBM5M;
						LastSwiftMigration = 1120;
						ProvisioningStyle = Automatic;
					};
				};
			};
			buildConfigurationList = 83CBB9FA1A601CBA00E9B192 /* Build configuration list for PBXProject "Solfium_instalador" */;
			compatibilityVersion = "Xcode 11.4";
			developmentRegion = en;
			hasScannedForEncodings = 0;
			knownRegions = (
				en,
				Base,
			);
			mainGroup = 83CBB9F61A601CBA00E9B192;
			productRefGroup = 83CBBA001A601CBA00E9B192 /* Products */;
			projectDirPath = "";
			projectRoot = "";
			targets = (
				13B07F861A680F5B00A75B9A /* Solfium_instalador */,
				00E356ED1AD99517003FC87E /* Solfium_instaladorTests */,
				0329BCA1253DD077007F2F82 /* Solfium_instalador-tvOS */,
				0329BCB0253DD07A007F2F82 /* Solfium_instalador-tvOSTests */,
				0329BCBB253DD07A007F2F82 /* Solfium_instalador-tvOSUITests */,
				03F1C50F2555427200A2D122 /* Solfium_instalador copy */,
			);
		};
/* End PBXProject section */

/* Begin PBXResourcesBuildPhase section */
		00E356EC1AD99517003FC87E /* Resources */ = {
			isa = PBXResourcesBuildPhase;
			buildActionMask = 2147483647;
			files = (
			);
			runOnlyForDeploymentPostprocessing = 0;
		};
		0329BCA0253DD077007F2F82 /* Resources */ = {
			isa = PBXResourcesBuildPhase;
			buildActionMask = 2147483647;
			files = (
				0329BCA8253DD07A007F2F82 /* Assets.xcassets in Resources */,
				0329BCAB253DD07A007F2F82 /* LaunchScreen.storyboard in Resources */,
			);
			runOnlyForDeploymentPostprocessing = 0;
		};
		0329BCAF253DD07A007F2F82 /* Resources */ = {
			isa = PBXResourcesBuildPhase;
			buildActionMask = 2147483647;
			files = (
			);
			runOnlyForDeploymentPostprocessing = 0;
		};
		0329BCBA253DD07A007F2F82 /* Resources */ = {
			isa = PBXResourcesBuildPhase;
			buildActionMask = 2147483647;
			files = (
			);
			runOnlyForDeploymentPostprocessing = 0;
		};
		03F1C5172555427200A2D122 /* Resources */ = {
			isa = PBXResourcesBuildPhase;
			buildActionMask = 2147483647;
			files = (
				03F1C5182555427200A2D122 /* LaunchScreen.storyboard in Resources */,
				03F1C5192555427200A2D122 /* Images.xcassets in Resources */,
				03F1C51A2555427200A2D122 /* Roboto_medium.ttf in Resources */,
				03F1C51B2555427200A2D122 /* Roboto.ttf in Resources */,
				03F1C51C2555427200A2D122 /* rubicon-icon-font.ttf in Resources */,
			);
			runOnlyForDeploymentPostprocessing = 0;
		};
		13B07F8E1A680F5B00A75B9A /* Resources */ = {
			isa = PBXResourcesBuildPhase;
			buildActionMask = 2147483647;
			files = (
				81AB9BB82411601600AC10FF /* LaunchScreen.storyboard in Resources */,
				13B07FBF1A68108700A75B9A /* Images.xcassets in Resources */,
			);
			runOnlyForDeploymentPostprocessing = 0;
		};
/* End PBXResourcesBuildPhase section */

/* Begin PBXShellScriptBuildPhase section */
		00DD1BFF1BD5951E006B06BC /* Bundle React Native code and images */ = {
			isa = PBXShellScriptBuildPhase;
			buildActionMask = 2147483647;
			files = (
			);
			inputPaths = (
			);
			name = "Bundle React Native code and images";
			outputPaths = (
			);
			runOnlyForDeploymentPostprocessing = 0;
			shellPath = /bin/sh;
			shellScript = "export NODE_BINARY=node\n../node_modules/react-native/scripts/react-native-xcode.sh";
		};
		0329BC9D253DCFD9007F2F82 /* ShellScript */ = {
			isa = PBXShellScriptBuildPhase;
			buildActionMask = 2147483647;
			files = (
			);
			inputFileListPaths = (
			);
			inputPaths = (
			);
			outputFileListPaths = (
			);
			outputPaths = (
			);
			runOnlyForDeploymentPostprocessing = 0;
			shellPath = /bin/sh;
			shellScript = "# Type a script or drag a script file from your workspace to insert its path.\n";
		};
		03F1C5112555427200A2D122 /* Start Packager */ = {
			isa = PBXShellScriptBuildPhase;
			buildActionMask = 2147483647;
			files = (
			);
			inputFileListPaths = (
			);
			inputPaths = (
			);
			name = "Start Packager";
			outputFileListPaths = (
			);
			outputPaths = (
			);
			runOnlyForDeploymentPostprocessing = 0;
			shellPath = /bin/sh;
			shellScript = "export RCT_METRO_PORT=\"${RCT_METRO_PORT:=8081}\"\necho \"export RCT_METRO_PORT=${RCT_METRO_PORT}\" > \"${SRCROOT}/../node_modules/react-native/scripts/.packager.env\"\nif [ -z \"${RCT_NO_LAUNCH_PACKAGER+xxx}\" ] ; then\n  if nc -w 5 -z localhost ${RCT_METRO_PORT} ; then\n    if ! curl -s \"http://localhost:${RCT_METRO_PORT}/status\" | grep -q \"packager-status:running\" ; then\n      echo \"Port ${RCT_METRO_PORT} already in use, packager is either not running or not running correctly\"\n      exit 2\n    fi\n  else\n    open \"$SRCROOT/../node_modules/react-native/scripts/launchPackager.command\" || echo \"Can't start packager automatically\"\n  fi\nfi\n";
			showEnvVarsInLog = 0;
		};
		03F1C51D2555427200A2D122 /* Bundle React Native code and images */ = {
			isa = PBXShellScriptBuildPhase;
			buildActionMask = 2147483647;
			files = (
			);
			inputPaths = (
			);
			name = "Bundle React Native code and images";
			outputPaths = (
			);
			runOnlyForDeploymentPostprocessing = 0;
			shellPath = /bin/sh;
			shellScript = "export NODE_BINARY=node\n../node_modules/react-native/scripts/react-native-xcode.sh";
		};
		158ADB93F968E33528D19F6D /* [CP] Check Pods Manifest.lock */ = {
			isa = PBXShellScriptBuildPhase;
			buildActionMask = 2147483647;
			files = (
			);
			inputFileListPaths = (
			);
			inputPaths = (
				"${PODS_PODFILE_DIR_PATH}/Podfile.lock",
				"${PODS_ROOT}/Manifest.lock",
			);
			name = "[CP] Check Pods Manifest.lock";
			outputFileListPaths = (
			);
			outputPaths = (
				"$(DERIVED_FILE_DIR)/Pods-Solfium_instalador-tvOSTests-checkManifestLockResult.txt",
			);
			runOnlyForDeploymentPostprocessing = 0;
			shellPath = /bin/sh;
			shellScript = "diff \"${PODS_PODFILE_DIR_PATH}/Podfile.lock\" \"${PODS_ROOT}/Manifest.lock\" > /dev/null\nif [ $? != 0 ] ; then\n    # print error to STDERR\n    echo \"error: The sandbox is not in sync with the Podfile.lock. Run 'pod install' or update your CocoaPods installation.\" >&2\n    exit 1\nfi\n# This output is used by Xcode 'outputs' to avoid re-running this script phase.\necho \"SUCCESS\" > \"${SCRIPT_OUTPUT_FILE_0}\"\n";
			showEnvVarsInLog = 0;
		};
		331F4F72237D98101B3E3F57 /* [CP] Check Pods Manifest.lock */ = {
			isa = PBXShellScriptBuildPhase;
			buildActionMask = 2147483647;
			files = (
			);
			inputFileListPaths = (
			);
			inputPaths = (
				"${PODS_PODFILE_DIR_PATH}/Podfile.lock",
				"${PODS_ROOT}/Manifest.lock",
			);
			name = "[CP] Check Pods Manifest.lock";
			outputFileListPaths = (
			);
			outputPaths = (
				"$(DERIVED_FILE_DIR)/Pods-Solfium_instalador-Solfium_instaladorTests-checkManifestLockResult.txt",
			);
			runOnlyForDeploymentPostprocessing = 0;
			shellPath = /bin/sh;
			shellScript = "diff \"${PODS_PODFILE_DIR_PATH}/Podfile.lock\" \"${PODS_ROOT}/Manifest.lock\" > /dev/null\nif [ $? != 0 ] ; then\n    # print error to STDERR\n    echo \"error: The sandbox is not in sync with the Podfile.lock. Run 'pod install' or update your CocoaPods installation.\" >&2\n    exit 1\nfi\n# This output is used by Xcode 'outputs' to avoid re-running this script phase.\necho \"SUCCESS\" > \"${SCRIPT_OUTPUT_FILE_0}\"\n";
			showEnvVarsInLog = 0;
		};
		9D394C6A3216DF068CF5B827 /* [CP] Check Pods Manifest.lock */ = {
			isa = PBXShellScriptBuildPhase;
			buildActionMask = 2147483647;
			files = (
			);
			inputFileListPaths = (
			);
			inputPaths = (
				"${PODS_PODFILE_DIR_PATH}/Podfile.lock",
				"${PODS_ROOT}/Manifest.lock",
			);
			name = "[CP] Check Pods Manifest.lock";
			outputFileListPaths = (
			);
			outputPaths = (
				"$(DERIVED_FILE_DIR)/Pods-Solfium_instalador-checkManifestLockResult.txt",
			);
			runOnlyForDeploymentPostprocessing = 0;
			shellPath = /bin/sh;
			shellScript = "diff \"${PODS_PODFILE_DIR_PATH}/Podfile.lock\" \"${PODS_ROOT}/Manifest.lock\" > /dev/null\nif [ $? != 0 ] ; then\n    # print error to STDERR\n    echo \"error: The sandbox is not in sync with the Podfile.lock. Run 'pod install' or update your CocoaPods installation.\" >&2\n    exit 1\nfi\n# This output is used by Xcode 'outputs' to avoid re-running this script phase.\necho \"SUCCESS\" > \"${SCRIPT_OUTPUT_FILE_0}\"\n";
			showEnvVarsInLog = 0;
		};
		B19AF95684954115C0C962BA /* [CP] Check Pods Manifest.lock */ = {
			isa = PBXShellScriptBuildPhase;
			buildActionMask = 2147483647;
			files = (
			);
			inputFileListPaths = (
			);
			inputPaths = (
				"${PODS_PODFILE_DIR_PATH}/Podfile.lock",
				"${PODS_ROOT}/Manifest.lock",
			);
			name = "[CP] Check Pods Manifest.lock";
			outputFileListPaths = (
			);
			outputPaths = (
				"$(DERIVED_FILE_DIR)/Pods-Solfium_instalador-tvOS-checkManifestLockResult.txt",
			);
			runOnlyForDeploymentPostprocessing = 0;
			shellPath = /bin/sh;
			shellScript = "diff \"${PODS_PODFILE_DIR_PATH}/Podfile.lock\" \"${PODS_ROOT}/Manifest.lock\" > /dev/null\nif [ $? != 0 ] ; then\n    # print error to STDERR\n    echo \"error: The sandbox is not in sync with the Podfile.lock. Run 'pod install' or update your CocoaPods installation.\" >&2\n    exit 1\nfi\n# This output is used by Xcode 'outputs' to avoid re-running this script phase.\necho \"SUCCESS\" > \"${SCRIPT_OUTPUT_FILE_0}\"\n";
			showEnvVarsInLog = 0;
		};
		CF2653EC688151DA730C93FA /* [CP] Copy Pods Resources */ = {
			isa = PBXShellScriptBuildPhase;
			buildActionMask = 2147483647;
			files = (
			);
			inputFileListPaths = (
				"${PODS_ROOT}/Target Support Files/Pods-Solfium_instalador-Solfium_instaladorTests/Pods-Solfium_instalador-Solfium_instaladorTests-resources-${CONFIGURATION}-input-files.xcfilelist",
			);
			name = "[CP] Copy Pods Resources";
			outputFileListPaths = (
				"${PODS_ROOT}/Target Support Files/Pods-Solfium_instalador-Solfium_instaladorTests/Pods-Solfium_instalador-Solfium_instaladorTests-resources-${CONFIGURATION}-output-files.xcfilelist",
			);
			runOnlyForDeploymentPostprocessing = 0;
			shellPath = /bin/sh;
			shellScript = "\"${PODS_ROOT}/Target Support Files/Pods-Solfium_instalador-Solfium_instaladorTests/Pods-Solfium_instalador-Solfium_instaladorTests-resources.sh\"\n";
			showEnvVarsInLog = 0;
		};
		E36CF4F73D1A3CCDCFA18282 /* [CP] Copy Pods Resources */ = {
			isa = PBXShellScriptBuildPhase;
			buildActionMask = 2147483647;
			files = (
			);
			inputFileListPaths = (
				"${PODS_ROOT}/Target Support Files/Pods-Solfium_instalador/Pods-Solfium_instalador-resources-${CONFIGURATION}-input-files.xcfilelist",
			);
			name = "[CP] Copy Pods Resources";
			outputFileListPaths = (
				"${PODS_ROOT}/Target Support Files/Pods-Solfium_instalador/Pods-Solfium_instalador-resources-${CONFIGURATION}-output-files.xcfilelist",
			);
			runOnlyForDeploymentPostprocessing = 0;
			shellPath = /bin/sh;
			shellScript = "\"${PODS_ROOT}/Target Support Files/Pods-Solfium_instalador/Pods-Solfium_instalador-resources.sh\"\n";
			showEnvVarsInLog = 0;
		};
		FD10A7F022414F080027D42C /* Start Packager */ = {
			isa = PBXShellScriptBuildPhase;
			buildActionMask = 2147483647;
			files = (
			);
			inputFileListPaths = (
			);
			inputPaths = (
			);
			name = "Start Packager";
			outputFileListPaths = (
			);
			outputPaths = (
			);
			runOnlyForDeploymentPostprocessing = 0;
			shellPath = /bin/sh;
			shellScript = "export RCT_METRO_PORT=\"${RCT_METRO_PORT:=8081}\"\necho \"export RCT_METRO_PORT=${RCT_METRO_PORT}\" > \"${SRCROOT}/../node_modules/react-native/scripts/.packager.env\"\nif [ -z \"${RCT_NO_LAUNCH_PACKAGER+xxx}\" ] ; then\n  if nc -w 5 -z localhost ${RCT_METRO_PORT} ; then\n    if ! curl -s \"http://localhost:${RCT_METRO_PORT}/status\" | grep -q \"packager-status:running\" ; then\n      echo \"Port ${RCT_METRO_PORT} already in use, packager is either not running or not running correctly\"\n      exit 2\n    fi\n  else\n    open \"$SRCROOT/../node_modules/react-native/scripts/launchPackager.command\" || echo \"Can't start packager automatically\"\n  fi\nfi\n";
			showEnvVarsInLog = 0;
		};
/* End PBXShellScriptBuildPhase section */

/* Begin PBXSourcesBuildPhase section */
		00E356EA1AD99517003FC87E /* Sources */ = {
			isa = PBXSourcesBuildPhase;
			buildActionMask = 2147483647;
			files = (
				00E356F31AD99517003FC87E /* Solfium_instaladorTests.m in Sources */,
			);
			runOnlyForDeploymentPostprocessing = 0;
		};
		0329BC9E253DD077007F2F82 /* Sources */ = {
			isa = PBXSourcesBuildPhase;
			buildActionMask = 2147483647;
			files = (
				0329BCA5253DD077007F2F82 /* AppDelegate.swift in Sources */,
			);
			runOnlyForDeploymentPostprocessing = 0;
		};
		0329BCAD253DD07A007F2F82 /* Sources */ = {
			isa = PBXSourcesBuildPhase;
			buildActionMask = 2147483647;
			files = (
				0329BCB6253DD07A007F2F82 /* Solfium_instalador_tvOSTests.swift in Sources */,
			);
			runOnlyForDeploymentPostprocessing = 0;
		};
		0329BCB8253DD07A007F2F82 /* Sources */ = {
			isa = PBXSourcesBuildPhase;
			buildActionMask = 2147483647;
			files = (
				0329BCC1253DD07A007F2F82 /* Solfium_instalador_tvOSUITests.swift in Sources */,
			);
			runOnlyForDeploymentPostprocessing = 0;
		};
		03F1C5122555427200A2D122 /* Sources */ = {
			isa = PBXSourcesBuildPhase;
			buildActionMask = 2147483647;
			files = (
				03F1C5132555427200A2D122 /* AppDelegate.m in Sources */,
				03F1C5142555427200A2D122 /* main.m in Sources */,
			);
			runOnlyForDeploymentPostprocessing = 0;
		};
		13B07F871A680F5B00A75B9A /* Sources */ = {
			isa = PBXSourcesBuildPhase;
			buildActionMask = 2147483647;
			files = (
				13B07FBC1A68108700A75B9A /* AppDelegate.m in Sources */,
				13B07FC11A68108700A75B9A /* main.m in Sources */,
			);
			runOnlyForDeploymentPostprocessing = 0;
		};
/* End PBXSourcesBuildPhase section */

/* Begin PBXTargetDependency section */
		00E356F51AD99517003FC87E /* PBXTargetDependency */ = {
			isa = PBXTargetDependency;
			target = 13B07F861A680F5B00A75B9A /* Solfium_instalador */;
			targetProxy = 00E356F41AD99517003FC87E /* PBXContainerItemProxy */;
		};
		0329BCB3253DD07A007F2F82 /* PBXTargetDependency */ = {
			isa = PBXTargetDependency;
			target = 0329BCA1253DD077007F2F82 /* Solfium_instalador-tvOS */;
			targetProxy = 0329BCB2253DD07A007F2F82 /* PBXContainerItemProxy */;
		};
		0329BCBE253DD07A007F2F82 /* PBXTargetDependency */ = {
			isa = PBXTargetDependency;
			target = 0329BCA1253DD077007F2F82 /* Solfium_instalador-tvOS */;
			targetProxy = 0329BCBD253DD07A007F2F82 /* PBXContainerItemProxy */;
		};
/* End PBXTargetDependency section */

/* Begin PBXVariantGroup section */
		0329BCA9253DD07A007F2F82 /* LaunchScreen.storyboard */ = {
			isa = PBXVariantGroup;
			children = (
				0329BCAA253DD07A007F2F82 /* Base */,
			);
			name = LaunchScreen.storyboard;
			sourceTree = "<group>";
		};
/* End PBXVariantGroup section */

/* Begin XCBuildConfiguration section */
		00E356F61AD99517003FC87E /* Debug */ = {
			isa = XCBuildConfiguration;
			baseConfigurationReference = 87BA2943C9000531A198AC0B /* Pods-Solfium_instalador-Solfium_instaladorTests.debug.xcconfig */;
			buildSettings = {
				ALWAYS_EMBED_SWIFT_STANDARD_LIBRARIES = YES;
				GCC_PREPROCESSOR_DEFINITIONS = (
					"DEBUG=1",
					"$(inherited)",
				);
				INFOPLIST_FILE = Solfium_instaladorTests/Info.plist;
				IPHONEOS_DEPLOYMENT_TARGET = 10.0;
				LD_RUNPATH_SEARCH_PATHS = (
					"$(inherited)",
					"@executable_path/Frameworks",
					"@loader_path/Frameworks",
				);
				OTHER_LDFLAGS = (
					"-ObjC",
					"-lc++",
					"$(inherited)",
				);
				PRODUCT_BUNDLE_IDENTIFIER = "org.reactjs.native.example.$(PRODUCT_NAME:rfc1034identifier)";
				PRODUCT_NAME = "$(TARGET_NAME)";
			};
			name = Debug;
		};
		00E356F71AD99517003FC87E /* Release */ = {
			isa = XCBuildConfiguration;
			baseConfigurationReference = 485BBA4D7A4BF8DAA6E49B95 /* Pods-Solfium_instalador-Solfium_instaladorTests.release.xcconfig */;
			buildSettings = {
				ALWAYS_EMBED_SWIFT_STANDARD_LIBRARIES = YES;
				COPY_PHASE_STRIP = NO;
				INFOPLIST_FILE = Solfium_instaladorTests/Info.plist;
				IPHONEOS_DEPLOYMENT_TARGET = 10.0;
				LD_RUNPATH_SEARCH_PATHS = (
					"$(inherited)",
					"@executable_path/Frameworks",
					"@loader_path/Frameworks",
				);
				OTHER_LDFLAGS = (
					"-ObjC",
					"-lc++",
					"$(inherited)",
				);
				PRODUCT_BUNDLE_IDENTIFIER = "org.reactjs.native.example.$(PRODUCT_NAME:rfc1034identifier)";
				PRODUCT_NAME = "$(TARGET_NAME)";
			};
			name = Release;
		};
		0329BCC4253DD07A007F2F82 /* Debug */ = {
			isa = XCBuildConfiguration;
			baseConfigurationReference = 177EBA74811AF9C865E86ADA /* Pods-Solfium_instalador-tvOS.debug.xcconfig */;
			buildSettings = {
				ASSETCATALOG_COMPILER_APPICON_NAME = "App Icon & Top Shelf Image";
				CLANG_ANALYZER_NONNULL = YES;
				CLANG_ANALYZER_NUMBER_OBJECT_CONVERSION = YES_AGGRESSIVE;
				CLANG_CXX_LANGUAGE_STANDARD = "gnu++14";
				CLANG_ENABLE_OBJC_WEAK = YES;
				CLANG_WARN_DOCUMENTATION_COMMENTS = YES;
				CLANG_WARN_UNGUARDED_AVAILABILITY = YES_AGGRESSIVE;
				CODE_SIGN_STYLE = Automatic;
				DEBUG_INFORMATION_FORMAT = dwarf;
				DEVELOPMENT_TEAM = LFH8KSBM5M;
				GCC_C_LANGUAGE_STANDARD = gnu11;
				INFOPLIST_FILE = "Solfium_instalador-tvOS/Info.plist";
				LD_RUNPATH_SEARCH_PATHS = (
					"$(inherited)",
					"@executable_path/Frameworks",
				);
				MTL_ENABLE_DEBUG_INFO = INCLUDE_SOURCE;
				MTL_FAST_MATH = YES;
				PRODUCT_BUNDLE_IDENTIFIER = "com.soologic.Solfum-instalador-tvOS.Solfium-instalador-tvOS";
				PRODUCT_NAME = "$(TARGET_NAME)";
				SDKROOT = appletvos;
				SWIFT_ACTIVE_COMPILATION_CONDITIONS = DEBUG;
				SWIFT_OPTIMIZATION_LEVEL = "-Onone";
				SWIFT_VERSION = 5.0;
				TARGETED_DEVICE_FAMILY = 3;
				TVOS_DEPLOYMENT_TARGET = 13.4;
			};
			name = Debug;
		};
		0329BCC5253DD07A007F2F82 /* Release */ = {
			isa = XCBuildConfiguration;
			baseConfigurationReference = 162956EB748C5D8AE13835C9 /* Pods-Solfium_instalador-tvOS.release.xcconfig */;
			buildSettings = {
				ASSETCATALOG_COMPILER_APPICON_NAME = "App Icon & Top Shelf Image";
				CLANG_ANALYZER_NONNULL = YES;
				CLANG_ANALYZER_NUMBER_OBJECT_CONVERSION = YES_AGGRESSIVE;
				CLANG_CXX_LANGUAGE_STANDARD = "gnu++14";
				CLANG_ENABLE_OBJC_WEAK = YES;
				CLANG_WARN_DOCUMENTATION_COMMENTS = YES;
				CLANG_WARN_UNGUARDED_AVAILABILITY = YES_AGGRESSIVE;
				CODE_SIGN_STYLE = Automatic;
				COPY_PHASE_STRIP = NO;
				DEBUG_INFORMATION_FORMAT = "dwarf-with-dsym";
				DEVELOPMENT_TEAM = LFH8KSBM5M;
				GCC_C_LANGUAGE_STANDARD = gnu11;
				INFOPLIST_FILE = "Solfium_instalador-tvOS/Info.plist";
				LD_RUNPATH_SEARCH_PATHS = (
					"$(inherited)",
					"@executable_path/Frameworks",
				);
				MTL_FAST_MATH = YES;
				PRODUCT_BUNDLE_IDENTIFIER = "com.soologic.Solfum-instalador-tvOS.Solfium-instalador-tvOS";
				PRODUCT_NAME = "$(TARGET_NAME)";
				SDKROOT = appletvos;
				SWIFT_COMPILATION_MODE = wholemodule;
				SWIFT_OPTIMIZATION_LEVEL = "-O";
				SWIFT_VERSION = 5.0;
				TARGETED_DEVICE_FAMILY = 3;
				TVOS_DEPLOYMENT_TARGET = 13.4;
			};
			name = Release;
		};
		0329BCC7253DD07A007F2F82 /* Debug */ = {
			isa = XCBuildConfiguration;
			baseConfigurationReference = 982BACB8520CA314BE461BB6 /* Pods-Solfium_instalador-tvOSTests.debug.xcconfig */;
			buildSettings = {
				ALWAYS_EMBED_SWIFT_STANDARD_LIBRARIES = YES;
				BUNDLE_LOADER = "$(TEST_HOST)";
				CLANG_ANALYZER_NONNULL = YES;
				CLANG_ANALYZER_NUMBER_OBJECT_CONVERSION = YES_AGGRESSIVE;
				CLANG_CXX_LANGUAGE_STANDARD = "gnu++14";
				CLANG_ENABLE_OBJC_WEAK = YES;
				CLANG_WARN_DOCUMENTATION_COMMENTS = YES;
				CLANG_WARN_UNGUARDED_AVAILABILITY = YES_AGGRESSIVE;
				CODE_SIGN_STYLE = Automatic;
				DEBUG_INFORMATION_FORMAT = dwarf;
				DEVELOPMENT_TEAM = LFH8KSBM5M;
				GCC_C_LANGUAGE_STANDARD = gnu11;
				INFOPLIST_FILE = "Solfium_instalador-tvOSTests/Info.plist";
				LD_RUNPATH_SEARCH_PATHS = (
					"$(inherited)",
					"@executable_path/Frameworks",
					"@loader_path/Frameworks",
				);
				MTL_ENABLE_DEBUG_INFO = INCLUDE_SOURCE;
				MTL_FAST_MATH = YES;
				PRODUCT_BUNDLE_IDENTIFIER = "com.soologic.Solfum-instalador-tvOS.Solfium-instalador-tvOSTests";
				PRODUCT_NAME = "$(TARGET_NAME)";
				SDKROOT = appletvos;
				SWIFT_ACTIVE_COMPILATION_CONDITIONS = DEBUG;
				SWIFT_OPTIMIZATION_LEVEL = "-Onone";
				SWIFT_VERSION = 5.0;
				TARGETED_DEVICE_FAMILY = 3;
				TEST_HOST = "$(BUILT_PRODUCTS_DIR)/Solfium_instalador-tvOS.app/Solfium_instalador-tvOS";
				TVOS_DEPLOYMENT_TARGET = 13.4;
			};
			name = Debug;
		};
		0329BCC8253DD07A007F2F82 /* Release */ = {
			isa = XCBuildConfiguration;
			baseConfigurationReference = E0403D1BE3429623B9C69FD0 /* Pods-Solfium_instalador-tvOSTests.release.xcconfig */;
			buildSettings = {
				ALWAYS_EMBED_SWIFT_STANDARD_LIBRARIES = YES;
				BUNDLE_LOADER = "$(TEST_HOST)";
				CLANG_ANALYZER_NONNULL = YES;
				CLANG_ANALYZER_NUMBER_OBJECT_CONVERSION = YES_AGGRESSIVE;
				CLANG_CXX_LANGUAGE_STANDARD = "gnu++14";
				CLANG_ENABLE_OBJC_WEAK = YES;
				CLANG_WARN_DOCUMENTATION_COMMENTS = YES;
				CLANG_WARN_UNGUARDED_AVAILABILITY = YES_AGGRESSIVE;
				CODE_SIGN_STYLE = Automatic;
				COPY_PHASE_STRIP = NO;
				DEBUG_INFORMATION_FORMAT = "dwarf-with-dsym";
				DEVELOPMENT_TEAM = LFH8KSBM5M;
				GCC_C_LANGUAGE_STANDARD = gnu11;
				INFOPLIST_FILE = "Solfium_instalador-tvOSTests/Info.plist";
				LD_RUNPATH_SEARCH_PATHS = (
					"$(inherited)",
					"@executable_path/Frameworks",
					"@loader_path/Frameworks",
				);
				MTL_FAST_MATH = YES;
				PRODUCT_BUNDLE_IDENTIFIER = "com.soologic.Solfum-instalador-tvOS.Solfium-instalador-tvOSTests";
				PRODUCT_NAME = "$(TARGET_NAME)";
				SDKROOT = appletvos;
				SWIFT_COMPILATION_MODE = wholemodule;
				SWIFT_OPTIMIZATION_LEVEL = "-O";
				SWIFT_VERSION = 5.0;
				TARGETED_DEVICE_FAMILY = 3;
				TEST_HOST = "$(BUILT_PRODUCTS_DIR)/Solfium_instalador-tvOS.app/Solfium_instalador-tvOS";
				TVOS_DEPLOYMENT_TARGET = 13.4;
			};
			name = Release;
		};
		0329BCCA253DD07A007F2F82 /* Debug */ = {
			isa = XCBuildConfiguration;
			buildSettings = {
				ALWAYS_EMBED_SWIFT_STANDARD_LIBRARIES = YES;
				CLANG_ANALYZER_NONNULL = YES;
				CLANG_ANALYZER_NUMBER_OBJECT_CONVERSION = YES_AGGRESSIVE;
				CLANG_CXX_LANGUAGE_STANDARD = "gnu++14";
				CLANG_ENABLE_OBJC_WEAK = YES;
				CLANG_WARN_DOCUMENTATION_COMMENTS = YES;
				CLANG_WARN_UNGUARDED_AVAILABILITY = YES_AGGRESSIVE;
				CODE_SIGN_STYLE = Automatic;
				DEBUG_INFORMATION_FORMAT = dwarf;
				DEVELOPMENT_TEAM = LFH8KSBM5M;
				GCC_C_LANGUAGE_STANDARD = gnu11;
				INFOPLIST_FILE = "Solfium_instalador-tvOSUITests/Info.plist";
				LD_RUNPATH_SEARCH_PATHS = (
					"$(inherited)",
					"@executable_path/Frameworks",
					"@loader_path/Frameworks",
				);
				MTL_ENABLE_DEBUG_INFO = INCLUDE_SOURCE;
				MTL_FAST_MATH = YES;
				PRODUCT_BUNDLE_IDENTIFIER = "com.soologic.Solfum-instalador-tvOS.Solfium-instalador-tvOSUITests";
				PRODUCT_NAME = "$(TARGET_NAME)";
				SDKROOT = appletvos;
				SWIFT_ACTIVE_COMPILATION_CONDITIONS = DEBUG;
				SWIFT_OPTIMIZATION_LEVEL = "-Onone";
				SWIFT_VERSION = 5.0;
				TARGETED_DEVICE_FAMILY = 3;
				TEST_TARGET_NAME = "Solfium_instalador-tvOS";
				TVOS_DEPLOYMENT_TARGET = 13.4;
			};
			name = Debug;
		};
		0329BCCB253DD07A007F2F82 /* Release */ = {
			isa = XCBuildConfiguration;
			buildSettings = {
				ALWAYS_EMBED_SWIFT_STANDARD_LIBRARIES = YES;
				CLANG_ANALYZER_NONNULL = YES;
				CLANG_ANALYZER_NUMBER_OBJECT_CONVERSION = YES_AGGRESSIVE;
				CLANG_CXX_LANGUAGE_STANDARD = "gnu++14";
				CLANG_ENABLE_OBJC_WEAK = YES;
				CLANG_WARN_DOCUMENTATION_COMMENTS = YES;
				CLANG_WARN_UNGUARDED_AVAILABILITY = YES_AGGRESSIVE;
				CODE_SIGN_STYLE = Automatic;
				COPY_PHASE_STRIP = NO;
				DEBUG_INFORMATION_FORMAT = "dwarf-with-dsym";
				DEVELOPMENT_TEAM = LFH8KSBM5M;
				GCC_C_LANGUAGE_STANDARD = gnu11;
				INFOPLIST_FILE = "Solfium_instalador-tvOSUITests/Info.plist";
				LD_RUNPATH_SEARCH_PATHS = (
					"$(inherited)",
					"@executable_path/Frameworks",
					"@loader_path/Frameworks",
				);
				MTL_FAST_MATH = YES;
				PRODUCT_BUNDLE_IDENTIFIER = "com.soologic.Solfum-instalador-tvOS.Solfium-instalador-tvOSUITests";
				PRODUCT_NAME = "$(TARGET_NAME)";
				SDKROOT = appletvos;
				SWIFT_COMPILATION_MODE = wholemodule;
				SWIFT_OPTIMIZATION_LEVEL = "-O";
				SWIFT_VERSION = 5.0;
				TARGETED_DEVICE_FAMILY = 3;
				TEST_TARGET_NAME = "Solfium_instalador-tvOS";
				TVOS_DEPLOYMENT_TARGET = 13.4;
			};
			name = Release;
		};
		03F1C5202555427200A2D122 /* Debug */ = {
			isa = XCBuildConfiguration;
			buildSettings = {
				ASSETCATALOG_COMPILER_APPICON_NAME = AppIcon;
				CLANG_ENABLE_MODULES = YES;
				CODE_SIGN_IDENTITY = "Apple Development";
				CODE_SIGN_STYLE = Automatic;
				CURRENT_PROJECT_VERSION = 17;
				DEVELOPMENT_TEAM = LFH8KSBM5M;
				ENABLE_BITCODE = NO;
				INFOPLIST_FILE = "Solfium_instalador copy-Info.plist";
				LD_RUNPATH_SEARCH_PATHS = (
					"$(inherited)",
					"@executable_path/Frameworks",
				);
				OTHER_LDFLAGS = (
					"$(inherited)",
					"-ObjC",
					"-lc++",
				);
				PRODUCT_BUNDLE_IDENTIFIER = "com.soologic.solfium-inst";
				PRODUCT_NAME = "$(TARGET_NAME)";
				PROVISIONING_PROFILE_SPECIFIER = "";
				SWIFT_OPTIMIZATION_LEVEL = "-Onone";
				SWIFT_VERSION = 5.0;
				TARGETED_DEVICE_FAMILY = "1,2";
				VERSIONING_SYSTEM = "apple-generic";
			};
			name = Debug;
		};
		03F1C5212555427200A2D122 /* Release */ = {
			isa = XCBuildConfiguration;
			buildSettings = {
				ASSETCATALOG_COMPILER_APPICON_NAME = AppIcon;
				CLANG_ENABLE_MODULES = YES;
				CODE_SIGN_IDENTITY = "Apple Development";
				CODE_SIGN_STYLE = Automatic;
				CURRENT_PROJECT_VERSION = 17;
				DEVELOPMENT_TEAM = LFH8KSBM5M;
				INFOPLIST_FILE = "Solfium_instalador copy-Info.plist";
				LD_RUNPATH_SEARCH_PATHS = (
					"$(inherited)",
					"@executable_path/Frameworks",
				);
				OTHER_LDFLAGS = (
					"$(inherited)",
					"-ObjC",
					"-lc++",
				);
				PRODUCT_BUNDLE_IDENTIFIER = "com.soologic.solfium-inst";
				PRODUCT_NAME = "$(TARGET_NAME)";
				PROVISIONING_PROFILE_SPECIFIER = "";
				SWIFT_VERSION = 5.0;
				TARGETED_DEVICE_FAMILY = "1,2";
				VERSIONING_SYSTEM = "apple-generic";
			};
			name = Release;
		};
		13B07F941A680F5B00A75B9A /* Debug */ = {
			isa = XCBuildConfiguration;
			baseConfigurationReference = 5D44CC338422F779991A650A /* Pods-Solfium_instalador.debug.xcconfig */;
			buildSettings = {
				ASSETCATALOG_COMPILER_APPICON_NAME = AppIcon;
				CLANG_ENABLE_MODULES = YES;
				CODE_SIGN_IDENTITY = "Apple Development";
				CODE_SIGN_STYLE = Automatic;
				CURRENT_PROJECT_VERSION = 23;
				DEVELOPMENT_TEAM = LFH8KSBM5M;
				ENABLE_BITCODE = NO;
				INFOPLIST_FILE = Solfium_instalador/Info.plist;
				LD_RUNPATH_SEARCH_PATHS = (
					"$(inherited)",
					"@executable_path/Frameworks",
				);
				OTHER_LDFLAGS = (
					"$(inherited)",
					"-ObjC",
					"-lc++",
				);
				PRODUCT_BUNDLE_IDENTIFIER = "com.soologic.solfium-inst";
				PRODUCT_NAME = SolfiumInst;
				PROVISIONING_PROFILE_SPECIFIER = "";
				SWIFT_OPTIMIZATION_LEVEL = "-Onone";
				SWIFT_VERSION = 5.0;
				TARGETED_DEVICE_FAMILY = "1,2";
				VERSIONING_SYSTEM = "apple-generic";
			};
			name = Debug;
		};
		13B07F951A680F5B00A75B9A /* Release */ = {
			isa = XCBuildConfiguration;
			baseConfigurationReference = C6813C5D2A94753A54ACB44B /* Pods-Solfium_instalador.release.xcconfig */;
			buildSettings = {
				ASSETCATALOG_COMPILER_APPICON_NAME = AppIcon;
				CLANG_ENABLE_MODULES = YES;
				CODE_SIGN_IDENTITY = "Apple Development";
				CODE_SIGN_STYLE = Automatic;
				CURRENT_PROJECT_VERSION = 23;
				DEVELOPMENT_TEAM = LFH8KSBM5M;
				INFOPLIST_FILE = Solfium_instalador/Info.plist;
				LD_RUNPATH_SEARCH_PATHS = (
					"$(inherited)",
					"@executable_path/Frameworks",
				);
				OTHER_LDFLAGS = (
					"$(inherited)",
					"-ObjC",
					"-lc++",
				);
				PRODUCT_BUNDLE_IDENTIFIER = "com.soologic.solfium-inst";
				PRODUCT_NAME = SolfiumInst;
				PROVISIONING_PROFILE_SPECIFIER = "";
				SWIFT_VERSION = 5.0;
				TARGETED_DEVICE_FAMILY = "1,2";
				VERSIONING_SYSTEM = "apple-generic";
			};
			name = Release;
		};
		83CBBA201A601CBA00E9B192 /* Debug */ = {
			isa = XCBuildConfiguration;
			buildSettings = {
				ALWAYS_SEARCH_USER_PATHS = NO;
				CLANG_ANALYZER_LOCALIZABILITY_NONLOCALIZED = YES;
				CLANG_CXX_LANGUAGE_STANDARD = "gnu++0x";
				CLANG_CXX_LIBRARY = "libc++";
				CLANG_ENABLE_MODULES = YES;
				CLANG_ENABLE_OBJC_ARC = YES;
				CLANG_WARN_BLOCK_CAPTURE_AUTORELEASING = YES;
				CLANG_WARN_BOOL_CONVERSION = YES;
				CLANG_WARN_COMMA = YES;
				CLANG_WARN_CONSTANT_CONVERSION = YES;
				CLANG_WARN_DEPRECATED_OBJC_IMPLEMENTATIONS = YES;
				CLANG_WARN_DIRECT_OBJC_ISA_USAGE = YES_ERROR;
				CLANG_WARN_EMPTY_BODY = YES;
				CLANG_WARN_ENUM_CONVERSION = YES;
				CLANG_WARN_INFINITE_RECURSION = YES;
				CLANG_WARN_INT_CONVERSION = YES;
				CLANG_WARN_NON_LITERAL_NULL_CONVERSION = YES;
				CLANG_WARN_OBJC_IMPLICIT_RETAIN_SELF = YES;
				CLANG_WARN_OBJC_LITERAL_CONVERSION = YES;
				CLANG_WARN_OBJC_ROOT_CLASS = YES_ERROR;
				CLANG_WARN_RANGE_LOOP_ANALYSIS = YES;
				CLANG_WARN_STRICT_PROTOTYPES = YES;
				CLANG_WARN_SUSPICIOUS_MOVE = YES;
				CLANG_WARN_UNREACHABLE_CODE = YES;
				CLANG_WARN__DUPLICATE_METHOD_MATCH = YES;
				"CODE_SIGN_IDENTITY[sdk=iphoneos*]" = "iPhone Developer";
				COPY_PHASE_STRIP = NO;
				ENABLE_STRICT_OBJC_MSGSEND = YES;
				ENABLE_TESTABILITY = YES;
				GCC_C_LANGUAGE_STANDARD = gnu99;
				GCC_DYNAMIC_NO_PIC = NO;
				GCC_NO_COMMON_BLOCKS = YES;
				GCC_OPTIMIZATION_LEVEL = 0;
				GCC_PREPROCESSOR_DEFINITIONS = (
					"DEBUG=1",
					"$(inherited)",
				);
				GCC_SYMBOLS_PRIVATE_EXTERN = NO;
				GCC_WARN_64_TO_32_BIT_CONVERSION = YES;
				GCC_WARN_ABOUT_RETURN_TYPE = YES_ERROR;
				GCC_WARN_UNDECLARED_SELECTOR = YES;
				GCC_WARN_UNINITIALIZED_AUTOS = YES_AGGRESSIVE;
				GCC_WARN_UNUSED_FUNCTION = YES;
				GCC_WARN_UNUSED_VARIABLE = YES;
				IPHONEOS_DEPLOYMENT_TARGET = 10.0;
				LD_RUNPATH_SEARCH_PATHS = (
					/usr/lib/swift,
					"$(inherited)",
				);
				LIBRARY_SEARCH_PATHS = (
					"\"$(TOOLCHAIN_DIR)/usr/lib/swift/$(PLATFORM_NAME)\"",
					"\"$(TOOLCHAIN_DIR)/usr/lib/swift-5.0/$(PLATFORM_NAME)\"",
					"\"$(inherited)\"",
				);
				MTL_ENABLE_DEBUG_INFO = YES;
				ONLY_ACTIVE_ARCH = YES;
				SDKROOT = iphoneos;
			};
			name = Debug;
		};
		83CBBA211A601CBA00E9B192 /* Release */ = {
			isa = XCBuildConfiguration;
			buildSettings = {
				ALWAYS_SEARCH_USER_PATHS = NO;
				CLANG_ANALYZER_LOCALIZABILITY_NONLOCALIZED = YES;
				CLANG_CXX_LANGUAGE_STANDARD = "gnu++0x";
				CLANG_CXX_LIBRARY = "libc++";
				CLANG_ENABLE_MODULES = YES;
				CLANG_ENABLE_OBJC_ARC = YES;
				CLANG_WARN_BLOCK_CAPTURE_AUTORELEASING = YES;
				CLANG_WARN_BOOL_CONVERSION = YES;
				CLANG_WARN_COMMA = YES;
				CLANG_WARN_CONSTANT_CONVERSION = YES;
				CLANG_WARN_DEPRECATED_OBJC_IMPLEMENTATIONS = YES;
				CLANG_WARN_DIRECT_OBJC_ISA_USAGE = YES_ERROR;
				CLANG_WARN_EMPTY_BODY = YES;
				CLANG_WARN_ENUM_CONVERSION = YES;
				CLANG_WARN_INFINITE_RECURSION = YES;
				CLANG_WARN_INT_CONVERSION = YES;
				CLANG_WARN_NON_LITERAL_NULL_CONVERSION = YES;
				CLANG_WARN_OBJC_IMPLICIT_RETAIN_SELF = YES;
				CLANG_WARN_OBJC_LITERAL_CONVERSION = YES;
				CLANG_WARN_OBJC_ROOT_CLASS = YES_ERROR;
				CLANG_WARN_RANGE_LOOP_ANALYSIS = YES;
				CLANG_WARN_STRICT_PROTOTYPES = YES;
				CLANG_WARN_SUSPICIOUS_MOVE = YES;
				CLANG_WARN_UNREACHABLE_CODE = YES;
				CLANG_WARN__DUPLICATE_METHOD_MATCH = YES;
				"CODE_SIGN_IDENTITY[sdk=iphoneos*]" = "iPhone Developer";
				COPY_PHASE_STRIP = YES;
				ENABLE_NS_ASSERTIONS = NO;
				ENABLE_STRICT_OBJC_MSGSEND = YES;
				GCC_C_LANGUAGE_STANDARD = gnu99;
				GCC_NO_COMMON_BLOCKS = YES;
				GCC_WARN_64_TO_32_BIT_CONVERSION = YES;
				GCC_WARN_ABOUT_RETURN_TYPE = YES_ERROR;
				GCC_WARN_UNDECLARED_SELECTOR = YES;
				GCC_WARN_UNINITIALIZED_AUTOS = YES_AGGRESSIVE;
				GCC_WARN_UNUSED_FUNCTION = YES;
				GCC_WARN_UNUSED_VARIABLE = YES;
				IPHONEOS_DEPLOYMENT_TARGET = 10.0;
				LD_RUNPATH_SEARCH_PATHS = (
					/usr/lib/swift,
					"$(inherited)",
				);
				LIBRARY_SEARCH_PATHS = (
					"\"$(TOOLCHAIN_DIR)/usr/lib/swift/$(PLATFORM_NAME)\"",
					"\"$(TOOLCHAIN_DIR)/usr/lib/swift-5.0/$(PLATFORM_NAME)\"",
					"\"$(inherited)\"",
				);
				MTL_ENABLE_DEBUG_INFO = NO;
				SDKROOT = iphoneos;
				VALIDATE_PRODUCT = YES;
			};
			name = Release;
		};
/* End XCBuildConfiguration section */

/* Begin XCConfigurationList section */
		00E357021AD99517003FC87E /* Build configuration list for PBXNativeTarget "Solfium_instaladorTests" */ = {
			isa = XCConfigurationList;
			buildConfigurations = (
				00E356F61AD99517003FC87E /* Debug */,
				00E356F71AD99517003FC87E /* Release */,
			);
			defaultConfigurationIsVisible = 0;
			defaultConfigurationName = Release;
		};
		0329BCC3253DD07A007F2F82 /* Build configuration list for PBXNativeTarget "Solfium_instalador-tvOS" */ = {
			isa = XCConfigurationList;
			buildConfigurations = (
				0329BCC4253DD07A007F2F82 /* Debug */,
				0329BCC5253DD07A007F2F82 /* Release */,
			);
			defaultConfigurationIsVisible = 0;
			defaultConfigurationName = Release;
		};
		0329BCC6253DD07A007F2F82 /* Build configuration list for PBXNativeTarget "Solfium_instalador-tvOSTests" */ = {
			isa = XCConfigurationList;
			buildConfigurations = (
				0329BCC7253DD07A007F2F82 /* Debug */,
				0329BCC8253DD07A007F2F82 /* Release */,
			);
			defaultConfigurationIsVisible = 0;
			defaultConfigurationName = Release;
		};
		0329BCC9253DD07A007F2F82 /* Build configuration list for PBXNativeTarget "Solfium_instalador-tvOSUITests" */ = {
			isa = XCConfigurationList;
			buildConfigurations = (
				0329BCCA253DD07A007F2F82 /* Debug */,
				0329BCCB253DD07A007F2F82 /* Release */,
			);
			defaultConfigurationIsVisible = 0;
			defaultConfigurationName = Release;
		};
		03F1C51F2555427200A2D122 /* Build configuration list for PBXNativeTarget "Solfium_instalador copy" */ = {
			isa = XCConfigurationList;
			buildConfigurations = (
				03F1C5202555427200A2D122 /* Debug */,
				03F1C5212555427200A2D122 /* Release */,
			);
			defaultConfigurationIsVisible = 0;
			defaultConfigurationName = Release;
		};
		13B07F931A680F5B00A75B9A /* Build configuration list for PBXNativeTarget "Solfium_instalador" */ = {
			isa = XCConfigurationList;
			buildConfigurations = (
				13B07F941A680F5B00A75B9A /* Debug */,
				13B07F951A680F5B00A75B9A /* Release */,
			);
			defaultConfigurationIsVisible = 0;
			defaultConfigurationName = Release;
		};
		83CBB9FA1A601CBA00E9B192 /* Build configuration list for PBXProject "Solfium_instalador" */ = {
			isa = XCConfigurationList;
			buildConfigurations = (
				83CBBA201A601CBA00E9B192 /* Debug */,
				83CBBA211A601CBA00E9B192 /* Release */,
			);
			defaultConfigurationIsVisible = 0;
			defaultConfigurationName = Release;
		};
/* End XCConfigurationList section */
	};
	rootObject = 83CBB9F71A601CBA00E9B192 /* Project object */;
}
